
Microsoft Visual Studio Solution File, Format Version 12.00
# Visual Studio Version 16
VisualStudioVersion = 16.0.30309.148
MinimumVisualStudioVersion = 10.0.40219.1
Project("{FAE04EC0-301F-11D3-BF4B-00C04F79EFBC}") = "PassGen", "PassGen.csproj", "{E1B83F84-597D-451B-B2A1-96D146CDAD4D}"
EndProject
Global
	GlobalSection(SolutionConfigurationPlatforms) = preSolution
		Debug|Any CPU = Debug|Any CPU
		Release|Any CPU = Release|Any CPU
	EndGlobalSection
	GlobalSection(ProjectConfigurationPlatforms) = postSolution
		{E1B83F84-597D-451B-B2A1-96D146CDAD4D}.Debug|Any CPU.ActiveCfg = Debug|Any CPU
		{E1B83F84-597D-451B-B2A1-96D146CDAD4D}.Debug|Any CPU.Build.0 = Debug|Any CPU
		{E1B83F84-597D-451B-B2A1-96D146CDAD4D}.Release|Any CPU.ActiveCfg = Release|Any CPU
		{E1B83F84-597D-451B-B2A1-96D146CDAD4D}.Release|Any CPU.Build.0 = Release|Any CPU
	EndGlobalSection
	GlobalSection(SolutionProperties) = preSolution
		HideSolutionNode = FALSE
	EndGlobalSection
	GlobalSection(ExtensibilityGlobals) = postSolution
		SolutionGuid = {1D28733C-D28E-4D53-BA24-B7C15D0790BD}
	EndGlobalSection
EndGlobal
